// !$*UTF8*$!
{
	archiveVersion = 1;
	classes = {
	};
	objectVersion = 56;
	objects = {

/* Begin PBXBuildFile section */
		573006112956292700EDF037 /* DisclosureGroup.swift in Sources */ = {isa = PBXBuildFile; fileRef = 573006102956292700EDF037 /* DisclosureGroup.swift */; };
		573B57502948B8E1006843F4 /* SwiftUIDemoApp.swift in Sources */ = {isa = PBXBuildFile; fileRef = 573B574F2948B8E1006843F4 /* SwiftUIDemoApp.swift */; };
		573B57522948B8E1006843F4 /* ContentView.swift in Sources */ = {isa = PBXBuildFile; fileRef = 573B57512948B8E1006843F4 /* ContentView.swift */; };
		573B57542948B8E3006843F4 /* Assets.xcassets in Resources */ = {isa = PBXBuildFile; fileRef = 573B57532948B8E3006843F4 /* Assets.xcassets */; };
		573B57572948B8E3006843F4 /* Preview Assets.xcassets in Resources */ = {isa = PBXBuildFile; fileRef = 573B57562948B8E3006843F4 /* Preview Assets.xcassets */; };
		573B575E2949F945006843F4 /* resultBuilderTwo.swift in Sources */ = {isa = PBXBuildFile; fileRef = 573B575D2949F945006843F4 /* resultBuilderTwo.swift */; };
		57ECD008294A823400E023F9 /* resultBuilderOne.swift in Sources */ = {isa = PBXBuildFile; fileRef = 57ECD007294A823400E023F9 /* resultBuilderOne.swift */; };
		57ECD00B294AA37900E023F9 /* ButtonWithStyle.swift in Sources */ = {isa = PBXBuildFile; fileRef = 57ECD00A294AA37900E023F9 /* ButtonWithStyle.swift */; };
		57ECD00D294AA57D00E023F9 /* TextWithStyle.swift in Sources */ = {isa = PBXBuildFile; fileRef = 57ECD00C294AA57D00E023F9 /* TextWithStyle.swift */; };
		57ECD010294AA69600E023F9 /* RoundingWrapper.swift in Sources */ = {isa = PBXBuildFile; fileRef = 57ECD00F294AA69600E023F9 /* RoundingWrapper.swift */; };
		57ECD013294AA98A00E023F9 /* SimpleList.swift in Sources */ = {isa = PBXBuildFile; fileRef = 57ECD012294AA98A00E023F9 /* SimpleList.swift */; };
		57ECD016294AAAE300E023F9 /* ObservableExample.swift in Sources */ = {isa = PBXBuildFile; fileRef = 57ECD015294AAAE300E023F9 /* ObservableExample.swift */; };
		57ECD01A294AAC4700E023F9 /* ValueModel.swift in Sources */ = {isa = PBXBuildFile; fileRef = 57ECD019294AAC4700E023F9 /* ValueModel.swift */; };
		57ECD01C294AADC700E023F9 /* ValueViewModel.swift in Sources */ = {isa = PBXBuildFile; fileRef = 57ECD01B294AADC700E023F9 /* ValueViewModel.swift */; };
		57ECD01E294B481700E023F9 /* ListSwipe.swift in Sources */ = {isa = PBXBuildFile; fileRef = 57ECD01D294B481700E023F9 /* ListSwipe.swift */; };
		57ECD020294B48A500E023F9 /* LabelWithStyle.swift in Sources */ = {isa = PBXBuildFile; fileRef = 57ECD01F294B48A500E023F9 /* LabelWithStyle.swift */; };
		57ECD023294B491300E023F9 /* Utilities.swift in Sources */ = {isa = PBXBuildFile; fileRef = 57ECD022294B491300E023F9 /* Utilities.swift */; };
		57ECD025294B493400E023F9 /* ObjectsAndTools.swift in Sources */ = {isa = PBXBuildFile; fileRef = 57ECD024294B493400E023F9 /* ObjectsAndTools.swift */; };
		57ECD027294B555000E023F9 /* LazyVGridExample.swift in Sources */ = {isa = PBXBuildFile; fileRef = 57ECD026294B555000E023F9 /* LazyVGridExample.swift */; };
		57ECD02A294BD8B000E023F9 /* LazyHGridExample.swift in Sources */ = {isa = PBXBuildFile; fileRef = 57ECD029294BD8B000E023F9 /* LazyHGridExample.swift */; };
		57ECD02D294BDD2700E023F9 /* MainTabBar.swift in Sources */ = {isa = PBXBuildFile; fileRef = 57ECD02C294BDD2700E023F9 /* MainTabBar.swift */; };
		57ECD02F294BDD5500E023F9 /* CurrentView.swift in Sources */ = {isa = PBXBuildFile; fileRef = 57ECD02E294BDD5500E023F9 /* CurrentView.swift */; };
		57ECD031294BDD7500E023F9 /* HistoryView.swift in Sources */ = {isa = PBXBuildFile; fileRef = 57ECD030294BDD7500E023F9 /* HistoryView.swift */; };
		57ECD033294BE04600E023F9 /* History.swift in Sources */ = {isa = PBXBuildFile; fileRef = 57ECD032294BE04600E023F9 /* History.swift */; };
		57ECD035294BE12F00E023F9 /* DestinationView.swift in Sources */ = {isa = PBXBuildFile; fileRef = 57ECD034294BE12F00E023F9 /* DestinationView.swift */; };
		57ECD037294BE18200E023F9 /* Snapshot.swift in Sources */ = {isa = PBXBuildFile; fileRef = 57ECD036294BE18200E023F9 /* Snapshot.swift */; };
/* End PBXBuildFile section */

/* Begin PBXFileReference section */
		573006102956292700EDF037 /* DisclosureGroup.swift */ = {isa = PBXFileReference; lastKnownFileType = sourcecode.swift; path = DisclosureGroup.swift; sourceTree = "<group>"; };
		573B574C2948B8E1006843F4 /* SwiftUIDemo.app */ = {isa = PBXFileReference; explicitFileType = wrapper.application; includeInIndex = 0; path = SwiftUIDemo.app; sourceTree = BUILT_PRODUCTS_DIR; };
		573B574F2948B8E1006843F4 /* SwiftUIDemoApp.swift */ = {isa = PBXFileReference; lastKnownFileType = sourcecode.swift; path = SwiftUIDemoApp.swift; sourceTree = "<group>"; };
		573B57512948B8E1006843F4 /* ContentView.swift */ = {isa = PBXFileReference; lastKnownFileType = sourcecode.swift; path = ContentView.swift; sourceTree = "<group>"; };
		573B57532948B8E3006843F4 /* Assets.xcassets */ = {isa = PBXFileReference; lastKnownFileType = folder.assetcatalog; path = Assets.xcassets; sourceTree = "<group>"; };
		573B57562948B8E3006843F4 /* Preview Assets.xcassets */ = {isa = PBXFileReference; lastKnownFileType = folder.assetcatalog; path = "Preview Assets.xcassets"; sourceTree = "<group>"; };
		573B575D2949F945006843F4 /* resultBuilderTwo.swift */ = {isa = PBXFileReference; lastKnownFileType = sourcecode.swift; path = resultBuilderTwo.swift; sourceTree = "<group>"; };
		57ECD007294A823400E023F9 /* resultBuilderOne.swift */ = {isa = PBXFileReference; lastKnownFileType = sourcecode.swift; path = resultBuilderOne.swift; sourceTree = "<group>"; };
		57ECD00A294AA37900E023F9 /* ButtonWithStyle.swift */ = {isa = PBXFileReference; lastKnownFileType = sourcecode.swift; path = ButtonWithStyle.swift; sourceTree = "<group>"; };
		57ECD00C294AA57D00E023F9 /* TextWithStyle.swift */ = {isa = PBXFileReference; lastKnownFileType = sourcecode.swift; path = TextWithStyle.swift; sourceTree = "<group>"; };
		57ECD00F294AA69600E023F9 /* RoundingWrapper.swift */ = {isa = PBXFileReference; lastKnownFileType = sourcecode.swift; path = RoundingWrapper.swift; sourceTree = "<group>"; };
		57ECD012294AA98A00E023F9 /* SimpleList.swift */ = {isa = PBXFileReference; lastKnownFileType = sourcecode.swift; path = SimpleList.swift; sourceTree = "<group>"; };
		57ECD015294AAAE300E023F9 /* ObservableExample.swift */ = {isa = PBXFileReference; lastKnownFileType = sourcecode.swift; path = ObservableExample.swift; sourceTree = "<group>"; };
		57ECD019294AAC4700E023F9 /* ValueModel.swift */ = {isa = PBXFileReference; lastKnownFileType = sourcecode.swift; path = ValueModel.swift; sourceTree = "<group>"; };
		57ECD01B294AADC700E023F9 /* ValueViewModel.swift */ = {isa = PBXFileReference; lastKnownFileType = sourcecode.swift; path = ValueViewModel.swift; sourceTree = "<group>"; };
		57ECD01D294B481700E023F9 /* ListSwipe.swift */ = {isa = PBXFileReference; lastKnownFileType = sourcecode.swift; path = ListSwipe.swift; sourceTree = "<group>"; };
		57ECD01F294B48A500E023F9 /* LabelWithStyle.swift */ = {isa = PBXFileReference; lastKnownFileType = sourcecode.swift; path = LabelWithStyle.swift; sourceTree = "<group>"; };
		57ECD022294B491300E023F9 /* Utilities.swift */ = {isa = PBXFileReference; lastKnownFileType = sourcecode.swift; path = Utilities.swift; sourceTree = "<group>"; };
		57ECD024294B493400E023F9 /* ObjectsAndTools.swift */ = {isa = PBXFileReference; lastKnownFileType = sourcecode.swift; path = ObjectsAndTools.swift; sourceTree = "<group>"; };
		57ECD026294B555000E023F9 /* LazyVGridExample.swift */ = {isa = PBXFileReference; lastKnownFileType = sourcecode.swift; path = LazyVGridExample.swift; sourceTree = "<group>"; };
		57ECD029294BD8B000E023F9 /* LazyHGridExample.swift */ = {isa = PBXFileReference; lastKnownFileType = sourcecode.swift; path = LazyHGridExample.swift; sourceTree = "<group>"; };
		57ECD02C294BDD2700E023F9 /* MainTabBar.swift */ = {isa = PBXFileReference; lastKnownFileType = sourcecode.swift; path = MainTabBar.swift; sourceTree = "<group>"; };
		57ECD02E294BDD5500E023F9 /* CurrentView.swift */ = {isa = PBXFileReference; lastKnownFileType = sourcecode.swift; path = CurrentView.swift; sourceTree = "<group>"; };
		57ECD030294BDD7500E023F9 /* HistoryView.swift */ = {isa = PBXFileReference; lastKnownFileType = sourcecode.swift; path = HistoryView.swift; sourceTree = "<group>"; };
		57ECD032294BE04600E023F9 /* History.swift */ = {isa = PBXFileReference; lastKnownFileType = sourcecode.swift; path = History.swift; sourceTree = "<group>"; };
		57ECD034294BE12F00E023F9 /* DestinationView.swift */ = {isa = PBXFileReference; lastKnownFileType = sourcecode.swift; path = DestinationView.swift; sourceTree = "<group>"; };
		57ECD036294BE18200E023F9 /* Snapshot.swift */ = {isa = PBXFileReference; lastKnownFileType = sourcecode.swift; path = Snapshot.swift; sourceTree = "<group>"; };
/* End PBXFileReference section */

/* Begin PBXFrameworksBuildPhase section */
		573B57492948B8E1006843F4 /* Frameworks */ = {
			isa = PBXFrameworksBuildPhase;
			buildActionMask = 2147483647;
			files = (
			);
			runOnlyForDeploymentPostprocessing = 0;
		};
/* End PBXFrameworksBuildPhase section */

/* Begin PBXGroup section */
		573B57432948B8E1006843F4 = {
			isa = PBXGroup;
			children = (
				573B574E2948B8E1006843F4 /* SwiftUIDemo */,
				573B574D2948B8E1006843F4 /* Products */,
			);
			sourceTree = "<group>";
		};
		573B574D2948B8E1006843F4 /* Products */ = {
			isa = PBXGroup;
			children = (
				573B574C2948B8E1006843F4 /* SwiftUIDemo.app */,
			);
			name = Products;
			sourceTree = "<group>";
		};
		573B574E2948B8E1006843F4 /* SwiftUIDemo */ = {
			isa = PBXGroup;
			children = (
				57ECD021294B48FB00E023F9 /* 00-Extras */,
				57ECD006294A78B200E023F9 /* 01-ResultBuilder */,
				57ECD009294AA33200E023F9 /* 02-Style */,
				57ECD00E294AA66600E023F9 /* 03-PropertyWrapper */,
				57ECD011294AA95500E023F9 /* 04-List */,
				57ECD014294AAAC300E023F9 /* 05-Observable */,
				57ECD02B294BDCF100E023F9 /* 07-Complex Tab Bar */,
				573B574F2948B8E1006843F4 /* SwiftUIDemoApp.swift */,
				573B57512948B8E1006843F4 /* ContentView.swift */,
				573B57532948B8E3006843F4 /* Assets.xcassets */,
				573B57552948B8E3006843F4 /* Preview Content */,
			);
			path = SwiftUIDemo;
			sourceTree = "<group>";
		};
		573B57552948B8E3006843F4 /* Preview Content */ = {
			isa = PBXGroup;
			children = (
				573B57562948B8E3006843F4 /* Preview Assets.xcassets */,
			);
			path = "Preview Content";
			sourceTree = "<group>";
		};
		57ECD006294A78B200E023F9 /* 01-ResultBuilder */ = {
			isa = PBXGroup;
			children = (
				57ECD007294A823400E023F9 /* resultBuilderOne.swift */,
				573B575D2949F945006843F4 /* resultBuilderTwo.swift */,
			);
			path = "01-ResultBuilder";
			sourceTree = "<group>";
		};
		57ECD009294AA33200E023F9 /* 02-Style */ = {
			isa = PBXGroup;
			children = (
				57ECD00A294AA37900E023F9 /* ButtonWithStyle.swift */,
				57ECD00C294AA57D00E023F9 /* TextWithStyle.swift */,
				57ECD01F294B48A500E023F9 /* LabelWithStyle.swift */,
			);
			path = "02-Style";
			sourceTree = "<group>";
		};
		57ECD00E294AA66600E023F9 /* 03-PropertyWrapper */ = {
			isa = PBXGroup;
			children = (
				57ECD00F294AA69600E023F9 /* RoundingWrapper.swift */,
			);
			path = "03-PropertyWrapper";
			sourceTree = "<group>";
		};
		57ECD011294AA95500E023F9 /* 04-List */ = {
			isa = PBXGroup;
			children = (
				57ECD012294AA98A00E023F9 /* SimpleList.swift */,
				57ECD01D294B481700E023F9 /* ListSwipe.swift */,
				57ECD026294B555000E023F9 /* LazyVGridExample.swift */,
				57ECD029294BD8B000E023F9 /* LazyHGridExample.swift */,
				573006102956292700EDF037 /* DisclosureGroup.swift */,
			);
			path = "04-List";
			sourceTree = "<group>";
		};
		57ECD014294AAAC300E023F9 /* 05-Observable */ = {
			isa = PBXGroup;
			children = (
				57ECD019294AAC4700E023F9 /* ValueModel.swift */,
				57ECD01B294AADC700E023F9 /* ValueViewModel.swift */,
				57ECD015294AAAE300E023F9 /* ObservableExample.swift */,
			);
			path = "05-Observable";
			sourceTree = "<group>";
		};
		57ECD021294B48FB00E023F9 /* 00-Extras */ = {
			isa = PBXGroup;
			children = (
				57ECD022294B491300E023F9 /* Utilities.swift */,
				57ECD024294B493400E023F9 /* ObjectsAndTools.swift */,
			);
			path = "00-Extras";
			sourceTree = "<group>";
		};
		57ECD02B294BDCF100E023F9 /* 07-Complex Tab Bar */ = {
			isa = PBXGroup;
			children = (
				57ECD036294BE18200E023F9 /* Snapshot.swift */,
				57ECD032294BE04600E023F9 /* History.swift */,
				57ECD030294BDD7500E023F9 /* HistoryView.swift */,
				57ECD034294BE12F00E023F9 /* DestinationView.swift */,
				57ECD02E294BDD5500E023F9 /* CurrentView.swift */,
				57ECD02C294BDD2700E023F9 /* MainTabBar.swift */,
			);
			path = "07-Complex Tab Bar";
			sourceTree = "<group>";
		};
/* End PBXGroup section */

/* Begin PBXNativeTarget section */
		573B574B2948B8E1006843F4 /* SwiftUIDemo */ = {
			isa = PBXNativeTarget;
			buildConfigurationList = 573B575A2948B8E3006843F4 /* Build configuration list for PBXNativeTarget "SwiftUIDemo" */;
			buildPhases = (
				573B57482948B8E1006843F4 /* Sources */,
				573B57492948B8E1006843F4 /* Frameworks */,
				573B574A2948B8E1006843F4 /* Resources */,
			);
			buildRules = (
			);
			dependencies = (
			);
			name = SwiftUIDemo;
			productName = SwiftUIDemo;
			productReference = 573B574C2948B8E1006843F4 /* SwiftUIDemo.app */;
			productType = "com.apple.product-type.application";
		};
/* End PBXNativeTarget section */

/* Begin PBXProject section */
		573B57442948B8E1006843F4 /* Project object */ = {
			isa = PBXProject;
			attributes = {
				BuildIndependentTargetsInParallel = 1;
				LastSwiftUpdateCheck = 1400;
				LastUpgradeCheck = 1400;
				TargetAttributes = {
					573B574B2948B8E1006843F4 = {
						CreatedOnToolsVersion = 14.0;
					};
				};
			};
			buildConfigurationList = 573B57472948B8E1006843F4 /* Build configuration list for PBXProject "SwiftUIDemo" */;
			compatibilityVersion = "Xcode 14.0";
			developmentRegion = en;
			hasScannedForEncodings = 0;
			knownRegions = (
				en,
				Base,
			);
			mainGroup = 573B57432948B8E1006843F4;
			productRefGroup = 573B574D2948B8E1006843F4 /* Products */;
			projectDirPath = "";
			projectRoot = "";
			targets = (
				573B574B2948B8E1006843F4 /* SwiftUIDemo */,
			);
		};
/* End PBXProject section */

/* Begin PBXResourcesBuildPhase section */
		573B574A2948B8E1006843F4 /* Resources */ = {
			isa = PBXResourcesBuildPhase;
			buildActionMask = 2147483647;
			files = (
				573B57572948B8E3006843F4 /* Preview Assets.xcassets in Resources */,
				573B57542948B8E3006843F4 /* Assets.xcassets in Resources */,
			);
			runOnlyForDeploymentPostprocessing = 0;
		};
/* End PBXResourcesBuildPhase section */

/* Begin PBXSourcesBuildPhase section */
		573B57482948B8E1006843F4 /* Sources */ = {
			isa = PBXSourcesBuildPhase;
			buildActionMask = 2147483647;
			files = (
				57ECD02D294BDD2700E023F9 /* MainTabBar.swift in Sources */,
				57ECD00D294AA57D00E023F9 /* TextWithStyle.swift in Sources */,
				573006112956292700EDF037 /* DisclosureGroup.swift in Sources */,
				57ECD013294AA98A00E023F9 /* SimpleList.swift in Sources */,
				57ECD025294B493400E023F9 /* ObjectsAndTools.swift in Sources */,
				57ECD023294B491300E023F9 /* Utilities.swift in Sources */,
				57ECD010294AA69600E023F9 /* RoundingWrapper.swift in Sources */,
				57ECD00B294AA37900E023F9 /* ButtonWithStyle.swift in Sources */,
				57ECD027294B555000E023F9 /* LazyVGridExample.swift in Sources */,
				57ECD01C294AADC700E023F9 /* ValueViewModel.swift in Sources */,
				57ECD033294BE04600E023F9 /* History.swift in Sources */,
				57ECD016294AAAE300E023F9 /* ObservableExample.swift in Sources */,
				57ECD01E294B481700E023F9 /* ListSwipe.swift in Sources */,
				57ECD02F294BDD5500E023F9 /* CurrentView.swift in Sources */,
				57ECD035294BE12F00E023F9 /* DestinationView.swift in Sources */,
				573B575E2949F945006843F4 /* resultBuilderTwo.swift in Sources */,
				57ECD02A294BD8B000E023F9 /* LazyHGridExample.swift in Sources */,
				573B57522948B8E1006843F4 /* ContentView.swift in Sources */,
				573B57502948B8E1006843F4 /* SwiftUIDemoApp.swift in Sources */,
				57ECD020294B48A500E023F9 /* LabelWithStyle.swift in Sources */,
				57ECD031294BDD7500E023F9 /* HistoryView.swift in Sources */,
				57ECD01A294AAC4700E023F9 /* ValueModel.swift in Sources */,
				57ECD037294BE18200E023F9 /* Snapshot.swift in Sources */,
				57ECD008294A823400E023F9 /* resultBuilderOne.swift in Sources */,
			);
			runOnlyForDeploymentPostprocessing = 0;
		};
/* End PBXSourcesBuildPhase section */

/* Begin XCBuildConfiguration section */
		573B57582948B8E3006843F4 /* Debug */ = {
			isa = XCBuildConfiguration;
			buildSettings = {
				ALWAYS_SEARCH_USER_PATHS = NO;
				CLANG_ANALYZER_NONNULL = YES;
				CLANG_ANALYZER_NUMBER_OBJECT_CONVERSION = YES_AGGRESSIVE;
				CLANG_CXX_LANGUAGE_STANDARD = "gnu++20";
				CLANG_ENABLE_MODULES = YES;
				CLANG_ENABLE_OBJC_ARC = YES;
				CLANG_ENABLE_OBJC_WEAK = YES;
				CLANG_WARN_BLOCK_CAPTURE_AUTORELEASING = YES;
				CLANG_WARN_BOOL_CONVERSION = YES;
				CLANG_WARN_COMMA = YES;
				CLANG_WARN_CONSTANT_CONVERSION = YES;
				CLANG_WARN_DEPRECATED_OBJC_IMPLEMENTATIONS = YES;
				CLANG_WARN_DIRECT_OBJC_ISA_USAGE = YES_ERROR;
				CLANG_WARN_DOCUMENTATION_COMMENTS = YES;
				CLANG_WARN_EMPTY_BODY = YES;
				CLANG_WARN_ENUM_CONVERSION = YES;
				CLANG_WARN_INFINITE_RECURSION = YES;
				CLANG_WARN_INT_CONVERSION = YES;
				CLANG_WARN_NON_LITERAL_NULL_CONVERSION = YES;
				CLANG_WARN_OBJC_IMPLICIT_RETAIN_SELF = YES;
				CLANG_WARN_OBJC_LITERAL_CONVERSION = YES;
				CLANG_WARN_OBJC_ROOT_CLASS = YES_ERROR;
				CLANG_WARN_QUOTED_INCLUDE_IN_FRAMEWORK_HEADER = YES;
				CLANG_WARN_RANGE_LOOP_ANALYSIS = YES;
				CLANG_WARN_STRICT_PROTOTYPES = YES;
				CLANG_WARN_SUSPICIOUS_MOVE = YES;
				CLANG_WARN_UNGUARDED_AVAILABILITY = YES_AGGRESSIVE;
				CLANG_WARN_UNREACHABLE_CODE = YES;
				CLANG_WARN__DUPLICATE_METHOD_MATCH = YES;
				COPY_PHASE_STRIP = NO;
				DEBUG_INFORMATION_FORMAT = dwarf;
				ENABLE_STRICT_OBJC_MSGSEND = YES;
				ENABLE_TESTABILITY = YES;
				GCC_C_LANGUAGE_STANDARD = gnu11;
				GCC_DYNAMIC_NO_PIC = NO;
				GCC_NO_COMMON_BLOCKS = YES;
				GCC_OPTIMIZATION_LEVEL = 0;
				GCC_PREPROCESSOR_DEFINITIONS = (
					"DEBUG=1",
					"$(inherited)",
				);
				GCC_WARN_64_TO_32_BIT_CONVERSION = YES;
				GCC_WARN_ABOUT_RETURN_TYPE = YES_ERROR;
				GCC_WARN_UNDECLARED_SELECTOR = YES;
				GCC_WARN_UNINITIALIZED_AUTOS = YES_AGGRESSIVE;
				GCC_WARN_UNUSED_FUNCTION = YES;
				GCC_WARN_UNUSED_VARIABLE = YES;
				IPHONEOS_DEPLOYMENT_TARGET = 16.0;
				MTL_ENABLE_DEBUG_INFO = INCLUDE_SOURCE;
				MTL_FAST_MATH = YES;
				ONLY_ACTIVE_ARCH = YES;
				SDKROOT = iphoneos;
				SWIFT_ACTIVE_COMPILATION_CONDITIONS = DEBUG;
				SWIFT_OPTIMIZATION_LEVEL = "-Onone";
			};
			name = Debug;
		};
		573B57592948B8E3006843F4 /* Release */ = {
			isa = XCBuildConfiguration;
			buildSettings = {
				ALWAYS_SEARCH_USER_PATHS = NO;
				CLANG_ANALYZER_NONNULL = YES;
				CLANG_ANALYZER_NUMBER_OBJECT_CONVERSION = YES_AGGRESSIVE;
				CLANG_CXX_LANGUAGE_STANDARD = "gnu++20";
				CLANG_ENABLE_MODULES = YES;
				CLANG_ENABLE_OBJC_ARC = YES;
				CLANG_ENABLE_OBJC_WEAK = YES;
				CLANG_WARN_BLOCK_CAPTURE_AUTORELEASING = YES;
				CLANG_WARN_BOOL_CONVERSION = YES;
				CLANG_WARN_COMMA = YES;
				CLANG_WARN_CONSTANT_CONVERSION = YES;
				CLANG_WARN_DEPRECATED_OBJC_IMPLEMENTATIONS = YES;
				CLANG_WARN_DIRECT_OBJC_ISA_USAGE = YES_ERROR;
				CLANG_WARN_DOCUMENTATION_COMMENTS = YES;
				CLANG_WARN_EMPTY_BODY = YES;
				CLANG_WARN_ENUM_CONVERSION = YES;
				CLANG_WARN_INFINITE_RECURSION = YES;
				CLANG_WARN_INT_CONVERSION = YES;
				CLANG_WARN_NON_LITERAL_NULL_CONVERSION = YES;
				CLANG_WARN_OBJC_IMPLICIT_RETAIN_SELF = YES;
				CLANG_WARN_OBJC_LITERAL_CONVERSION = YES;
				CLANG_WARN_OBJC_ROOT_CLASS = YES_ERROR;
				CLANG_WARN_QUOTED_INCLUDE_IN_FRAMEWORK_HEADER = YES;
				CLANG_WARN_RANGE_LOOP_ANALYSIS = YES;
				CLANG_WARN_STRICT_PROTOTYPES = YES;
				CLANG_WARN_SUSPICIOUS_MOVE = YES;
				CLANG_WARN_UNGUARDED_AVAILABILITY = YES_AGGRESSIVE;
				CLANG_WARN_UNREACHABLE_CODE = YES;
				CLANG_WARN__DUPLICATE_METHOD_MATCH = YES;
				COPY_PHASE_STRIP = NO;
				DEBUG_INFORMATION_FORMAT = "dwarf-with-dsym";
				ENABLE_NS_ASSERTIONS = NO;
				ENABLE_STRICT_OBJC_MSGSEND = YES;
				GCC_C_LANGUAGE_STANDARD = gnu11;
				GCC_NO_COMMON_BLOCKS = YES;
				GCC_WARN_64_TO_32_BIT_CONVERSION = YES;
				GCC_WARN_ABOUT_RETURN_TYPE = YES_ERROR;
				GCC_WARN_UNDECLARED_SELECTOR = YES;
				GCC_WARN_UNINITIALIZED_AUTOS = YES_AGGRESSIVE;
				GCC_WARN_UNUSED_FUNCTION = YES;
				GCC_WARN_UNUSED_VARIABLE = YES;
				IPHONEOS_DEPLOYMENT_TARGET = 16.0;
				MTL_ENABLE_DEBUG_INFO = NO;
				MTL_FAST_MATH = YES;
				SDKROOT = iphoneos;
				SWIFT_COMPILATION_MODE = wholemodule;
				SWIFT_OPTIMIZATION_LEVEL = "-O";
				VALIDATE_PRODUCT = YES;
			};
			name = Release;
		};
		573B575B2948B8E3006843F4 /* Debug */ = {
			isa = XCBuildConfiguration;
			buildSettings = {
				ASSETCATALOG_COMPILER_APPICON_NAME = AppIcon;
				ASSETCATALOG_COMPILER_GLOBAL_ACCENT_COLOR_NAME = AccentColor;
				CODE_SIGN_STYLE = Automatic;
				CURRENT_PROJECT_VERSION = 1;
				DEVELOPMENT_ASSET_PATHS = "\"SwiftUIDemo/Preview Content\"";
				DEVELOPMENT_TEAM = J4HVETEMJ8;
				ENABLE_PREVIEWS = YES;
				GENERATE_INFOPLIST_FILE = YES;
				INFOPLIST_KEY_UIApplicationSceneManifest_Generation = YES;
				INFOPLIST_KEY_UIApplicationSupportsIndirectInputEvents = YES;
				INFOPLIST_KEY_UILaunchScreen_Generation = YES;
				INFOPLIST_KEY_UISupportedInterfaceOrientations_iPad = "UIInterfaceOrientationPortrait UIInterfaceOrientationPortraitUpsideDown UIInterfaceOrientationLandscapeLeft UIInterfaceOrientationLandscapeRight";
				INFOPLIST_KEY_UISupportedInterfaceOrientations_iPhone = "UIInterfaceOrientationPortrait UIInterfaceOrientationLandscapeLeft UIInterfaceOrientationLandscapeRight";
				LD_RUNPATH_SEARCH_PATHS = (
					"$(inherited)",
					"@executable_path/Frameworks",
				);
				MARKETING_VERSION = 1.0;
				PRODUCT_BUNDLE_IDENTIFIER = tarsiciosh.SwiftUIDemo;
				PRODUCT_NAME = "$(TARGET_NAME)";
				SWIFT_EMIT_LOC_STRINGS = YES;
				SWIFT_VERSION = 5.0;
				TARGETED_DEVICE_FAMILY = "1,2";
			};
			name = Debug;
		};
		573B575C2948B8E3006843F4 /* Release */ = {
			isa = XCBuildConfiguration;
			buildSettings = {
				ASSETCATALOG_COMPILER_APPICON_NAME = AppIcon;
				ASSETCATALOG_COMPILER_GLOBAL_ACCENT_COLOR_NAME = AccentColor;
				CODE_SIGN_STYLE = Automatic;
				CURRENT_PROJECT_VERSION = 1;
				DEVELOPMENT_ASSET_PATHS = "\"SwiftUIDemo/Preview Content\"";
				DEVELOPMENT_TEAM = J4HVETEMJ8;
				ENABLE_PREVIEWS = YES;
				GENERATE_INFOPLIST_FILE = YES;
				INFOPLIST_KEY_UIApplicationSceneManifest_Generation = YES;
				INFOPLIST_KEY_UIApplicationSupportsIndirectInputEvents = YES;
				INFOPLIST_KEY_UILaunchScreen_Generation = YES;
				INFOPLIST_KEY_UISupportedInterfaceOrientations_iPad = "UIInterfaceOrientationPortrait UIInterfaceOrientationPortraitUpsideDown UIInterfaceOrientationLandscapeLeft UIInterfaceOrientationLandscapeRight";
				INFOPLIST_KEY_UISupportedInterfaceOrientations_iPhone = "UIInterfaceOrientationPortrait UIInterfaceOrientationLandscapeLeft UIInterfaceOrientationLandscapeRight";
				LD_RUNPATH_SEARCH_PATHS = (
					"$(inherited)",
					"@executable_path/Frameworks",
				);
				MARKETING_VERSION = 1.0;
				PRODUCT_BUNDLE_IDENTIFIER = tarsiciosh.SwiftUIDemo;
				PRODUCT_NAME = "$(TARGET_NAME)";
				SWIFT_EMIT_LOC_STRINGS = YES;
				SWIFT_VERSION = 5.0;
				TARGETED_DEVICE_FAMILY = "1,2";
			};
			name = Release;
		};
/* End XCBuildConfiguration section */

/* Begin XCConfigurationList section */
		573B57472948B8E1006843F4 /* Build configuration list for PBXProject "SwiftUIDemo" */ = {
			isa = XCConfigurationList;
			buildConfigurations = (
				573B57582948B8E3006843F4 /* Debug */,
				573B57592948B8E3006843F4 /* Release */,
			);
			defaultConfigurationIsVisible = 0;
			defaultConfigurationName = Release;
		};
		573B575A2948B8E3006843F4 /* Build configuration list for PBXNativeTarget "SwiftUIDemo" */ = {
			isa = XCConfigurationList;
			buildConfigurations = (
				573B575B2948B8E3006843F4 /* Debug */,
				573B575C2948B8E3006843F4 /* Release */,
			);
			defaultConfigurationIsVisible = 0;
			defaultConfigurationName = Release;
		};
/* End XCConfigurationList section */
	};
	rootObject = 573B57442948B8E1006843F4 /* Project object */;
}
